// !$*UTF8*$!
{
	archiveVersion = 1;
	classes = {
	};
	objectVersion = 56;
	objects = {

/* Begin PBXBuildFile section */
		FE5EC5262C3B8BA4006D4539 /* GameModeSelectionView.swift in Sources */ = {isa = PBXBuildFile; fileRef = FE5EC5252C3B8BA4006D4539 /* GameModeSelectionView.swift */; };
		FE5EC5282C3B9280006D4539 /* TicTacToeAI-MedBot.mlmodel in Sources */ = {isa = PBXBuildFile; fileRef = FE5EC5272C3B9280006D4539 /* TicTacToeAI-MedBot.mlmodel */; };
		FE5EC54C2C3CFC20006D4539 /* TicTacToeAI-HardBot.mlmodel in Sources */ = {isa = PBXBuildFile; fileRef = FE5EC54B2C3CFC20006D4539 /* TicTacToeAI-HardBot.mlmodel */; };
		FEB215CB2C3D8B5E0038669E /* SettingsView.swift in Sources */ = {isa = PBXBuildFile; fileRef = FEB215CA2C3D8B5E0038669E /* SettingsView.swift */; };
		FEB215CD2C3DD7D30038669E /* GlobalSettings.swift in Sources */ = {isa = PBXBuildFile; fileRef = FEB215CC2C3DD7D30038669E /* GlobalSettings.swift */; };
		FEB215D12C3EEC5E0038669E /* testView.swift in Sources */ = {isa = PBXBuildFile; fileRef = FEB215D02C3EEC5E0038669E /* testView.swift */; };
		FEE979402C38DB5D00BD81C9 /* TicTacToeAppApp.swift in Sources */ = {isa = PBXBuildFile; fileRef = FEE9793F2C38DB5D00BD81C9 /* TicTacToeAppApp.swift */; };
		FEE979422C38DB5D00BD81C9 /* ContentView.swift in Sources */ = {isa = PBXBuildFile; fileRef = FEE979412C38DB5D00BD81C9 /* ContentView.swift */; };
		FEE979442C38DB5F00BD81C9 /* Assets.xcassets in Resources */ = {isa = PBXBuildFile; fileRef = FEE979432C38DB5F00BD81C9 /* Assets.xcassets */; };
		FEE979472C38DB5F00BD81C9 /* Preview Assets.xcassets in Resources */ = {isa = PBXBuildFile; fileRef = FEE979462C38DB5F00BD81C9 /* Preview Assets.xcassets */; };
		FEE9794E2C38DDDD00BD81C9 /* GameLogic.swift in Sources */ = {isa = PBXBuildFile; fileRef = FEE9794D2C38DDDD00BD81C9 /* GameLogic.swift */; };
		FEE979502C38F23400BD81C9 /* MainMenuView.swift in Sources */ = {isa = PBXBuildFile; fileRef = FEE9794F2C38F23400BD81C9 /* MainMenuView.swift */; };
		FEE979522C38F8AA00BD81C9 /* FallingSymbolsView.swift in Sources */ = {isa = PBXBuildFile; fileRef = FEE979512C38F8AA00BD81C9 /* FallingSymbolsView.swift */; };
		FEE9795A2C39A78100BD81C9 /* SoundManager.swift in Sources */ = {isa = PBXBuildFile; fileRef = FEE979592C39A78100BD81C9 /* SoundManager.swift */; };
		FEE9795D2C39A88D00BD81C9 /* MainMenuTrack.mp3 in Resources */ = {isa = PBXBuildFile; fileRef = FEE9795C2C39A88D00BD81C9 /* MainMenuTrack.mp3 */; };
		FEE979612C39B00800BD81C9 /* WinningSound.mp3 in Resources */ = {isa = PBXBuildFile; fileRef = FEE979602C39B00800BD81C9 /* WinningSound.mp3 */; };
		FEE979B82C39B79C00BD81C9 /* NextPage.mp3 in Resources */ = {isa = PBXBuildFile; fileRef = FEE979B72C39B79C00BD81C9 /* NextPage.mp3 */; };
		FEE979BA2C39BB7700BD81C9 /* MoveSound.mp3 in Resources */ = {isa = PBXBuildFile; fileRef = FEE979B92C39BB7700BD81C9 /* MoveSound.mp3 */; };
		FEE979BC2C39E2AB00BD81C9 /* LoosingSound.mp3 in Resources */ = {isa = PBXBuildFile; fileRef = FEE979BB2C39E2AB00BD81C9 /* LoosingSound.mp3 */; };
/* End PBXBuildFile section */

/* Begin PBXFileReference section */
		FE5EC5252C3B8BA4006D4539 /* GameModeSelectionView.swift */ = {isa = PBXFileReference; lastKnownFileType = sourcecode.swift; path = GameModeSelectionView.swift; sourceTree = "<group>"; };
		FE5EC5272C3B9280006D4539 /* TicTacToeAI-MedBot.mlmodel */ = {isa = PBXFileReference; lastKnownFileType = file.mlmodel; name = "TicTacToeAI-MedBot.mlmodel"; path = "../../../../../var/folders/f6/9rfpzfhd22950sxr4581vrhc0000gn/T/com.apple.dt.CreateML.app/sharing/drag/35F91D66-6D59-47DE-AA72-A3C18363038C/TicTacToeAI-MedBot.mlmodel"; sourceTree = "<group>"; };
		FE5EC54B2C3CFC20006D4539 /* TicTacToeAI-HardBot.mlmodel */ = {isa = PBXFileReference; lastKnownFileType = file.mlmodel; name = "TicTacToeAI-HardBot.mlmodel"; path = "../../../../../var/folders/f6/9rfpzfhd22950sxr4581vrhc0000gn/T/com.apple.dt.CreateML.app/sharing/drag/6AB36287-0215-4164-9907-F9F621733D7C/TicTacToeAI-HardBot.mlmodel"; sourceTree = "<group>"; };
		FEB215CA2C3D8B5E0038669E /* SettingsView.swift */ = {isa = PBXFileReference; lastKnownFileType = sourcecode.swift; path = SettingsView.swift; sourceTree = "<group>"; };
		FEB215CC2C3DD7D30038669E /* GlobalSettings.swift */ = {isa = PBXFileReference; lastKnownFileType = sourcecode.swift; path = GlobalSettings.swift; sourceTree = "<group>"; };
		FEB215D02C3EEC5E0038669E /* testView.swift */ = {isa = PBXFileReference; lastKnownFileType = sourcecode.swift; path = testView.swift; sourceTree = "<group>"; };
		FEE9793C2C38DB5D00BD81C9 /* TicTacToeApp.app */ = {isa = PBXFileReference; explicitFileType = wrapper.application; includeInIndex = 0; path = TicTacToeApp.app; sourceTree = BUILT_PRODUCTS_DIR; };
		FEE9793F2C38DB5D00BD81C9 /* TicTacToeAppApp.swift */ = {isa = PBXFileReference; lastKnownFileType = sourcecode.swift; path = TicTacToeAppApp.swift; sourceTree = "<group>"; };
		FEE979412C38DB5D00BD81C9 /* ContentView.swift */ = {isa = PBXFileReference; lastKnownFileType = sourcecode.swift; path = ContentView.swift; sourceTree = "<group>"; };
		FEE979432C38DB5F00BD81C9 /* Assets.xcassets */ = {isa = PBXFileReference; lastKnownFileType = folder.assetcatalog; path = Assets.xcassets; sourceTree = "<group>"; };
		FEE979462C38DB5F00BD81C9 /* Preview Assets.xcassets */ = {isa = PBXFileReference; lastKnownFileType = folder.assetcatalog; path = "Preview Assets.xcassets"; sourceTree = "<group>"; };
		FEE9794D2C38DDDD00BD81C9 /* GameLogic.swift */ = {isa = PBXFileReference; lastKnownFileType = sourcecode.swift; path = GameLogic.swift; sourceTree = "<group>"; };
		FEE9794F2C38F23400BD81C9 /* MainMenuView.swift */ = {isa = PBXFileReference; lastKnownFileType = sourcecode.swift; path = MainMenuView.swift; sourceTree = "<group>"; };
		FEE979512C38F8AA00BD81C9 /* FallingSymbolsView.swift */ = {isa = PBXFileReference; lastKnownFileType = sourcecode.swift; path = FallingSymbolsView.swift; sourceTree = "<group>"; };
		FEE979592C39A78100BD81C9 /* SoundManager.swift */ = {isa = PBXFileReference; lastKnownFileType = sourcecode.swift; path = SoundManager.swift; sourceTree = "<group>"; };
		FEE9795C2C39A88D00BD81C9 /* MainMenuTrack.mp3 */ = {isa = PBXFileReference; lastKnownFileType = audio.mp3; path = MainMenuTrack.mp3; sourceTree = "<group>"; };
		FEE979602C39B00800BD81C9 /* WinningSound.mp3 */ = {isa = PBXFileReference; lastKnownFileType = audio.mp3; path = WinningSound.mp3; sourceTree = "<group>"; };
		FEE979B72C39B79C00BD81C9 /* NextPage.mp3 */ = {isa = PBXFileReference; lastKnownFileType = audio.mp3; path = NextPage.mp3; sourceTree = "<group>"; };
		FEE979B92C39BB7700BD81C9 /* MoveSound.mp3 */ = {isa = PBXFileReference; lastKnownFileType = audio.mp3; path = MoveSound.mp3; sourceTree = "<group>"; };
		FEE979BB2C39E2AB00BD81C9 /* LoosingSound.mp3 */ = {isa = PBXFileReference; lastKnownFileType = audio.mp3; path = LoosingSound.mp3; sourceTree = "<group>"; };
/* End PBXFileReference section */

/* Begin PBXFrameworksBuildPhase section */
		FEE979392C38DB5D00BD81C9 /* Frameworks */ = {
			isa = PBXFrameworksBuildPhase;
			buildActionMask = 2147483647;
			files = (
			);
			runOnlyForDeploymentPostprocessing = 0;
		};
/* End PBXFrameworksBuildPhase section */

/* Begin PBXGroup section */
		FEE979332C38DB5D00BD81C9 = {
			isa = PBXGroup;
			children = (
				FEE9793E2C38DB5D00BD81C9 /* TicTacToeApp */,
				FEE9793D2C38DB5D00BD81C9 /* Products */,
			);
			sourceTree = "<group>";
		};
		FEE9793D2C38DB5D00BD81C9 /* Products */ = {
			isa = PBXGroup;
			children = (
				FEE9793C2C38DB5D00BD81C9 /* TicTacToeApp.app */,
			);
			name = Products;
			sourceTree = "<group>";
		};
		FEE9793E2C38DB5D00BD81C9 /* TicTacToeApp */ = {
			isa = PBXGroup;
			children = (
				FEE9795B2C39A7F100BD81C9 /* Sounds */,
				FEE979592C39A78100BD81C9 /* SoundManager.swift */,
				FEE979512C38F8AA00BD81C9 /* FallingSymbolsView.swift */,
				FEB215CA2C3D8B5E0038669E /* SettingsView.swift */,
				FEE9794F2C38F23400BD81C9 /* MainMenuView.swift */,
				FE5EC5252C3B8BA4006D4539 /* GameModeSelectionView.swift */,
				FEE9794D2C38DDDD00BD81C9 /* GameLogic.swift */,
				FEB215CC2C3DD7D30038669E /* GlobalSettings.swift */,
				FEE9793F2C38DB5D00BD81C9 /* TicTacToeAppApp.swift */,
				FEE979412C38DB5D00BD81C9 /* ContentView.swift */,
				FE5EC54B2C3CFC20006D4539 /* TicTacToeAI-HardBot.mlmodel */,
				FE5EC5272C3B9280006D4539 /* TicTacToeAI-MedBot.mlmodel */,
				FEE979432C38DB5F00BD81C9 /* Assets.xcassets */,
				FEE979452C38DB5F00BD81C9 /* Preview Content */,
				FEB215D02C3EEC5E0038669E /* testView.swift */,
			);
			path = TicTacToeApp;
			sourceTree = "<group>";
		};
		FEE979452C38DB5F00BD81C9 /* Preview Content */ = {
			isa = PBXGroup;
			children = (
				FEE979462C38DB5F00BD81C9 /* Preview Assets.xcassets */,
			);
			path = "Preview Content";
			sourceTree = "<group>";
		};
		FEE9795B2C39A7F100BD81C9 /* Sounds */ = {
			isa = PBXGroup;
			children = (
				FEE979BB2C39E2AB00BD81C9 /* LoosingSound.mp3 */,
				FEE979602C39B00800BD81C9 /* WinningSound.mp3 */,
				FEE979B72C39B79C00BD81C9 /* NextPage.mp3 */,
				FEE979B92C39BB7700BD81C9 /* MoveSound.mp3 */,
				FEE9795C2C39A88D00BD81C9 /* MainMenuTrack.mp3 */,
			);
			path = Sounds;
			sourceTree = "<group>";
		};
/* End PBXGroup section */

/* Begin PBXNativeTarget section */
		FEE9793B2C38DB5D00BD81C9 /* TicTacToeApp */ = {
			isa = PBXNativeTarget;
			buildConfigurationList = FEE9794A2C38DB5F00BD81C9 /* Build configuration list for PBXNativeTarget "TicTacToeApp" */;
			buildPhases = (
				FEE979382C38DB5D00BD81C9 /* Sources */,
				FEE979392C38DB5D00BD81C9 /* Frameworks */,
				FEE9793A2C38DB5D00BD81C9 /* Resources */,
			);
			buildRules = (
			);
			dependencies = (
			);
			name = TicTacToeApp;
			productName = TicTacToeApp;
			productReference = FEE9793C2C38DB5D00BD81C9 /* TicTacToeApp.app */;
			productType = "com.apple.product-type.application";
		};
/* End PBXNativeTarget section */

/* Begin PBXProject section */
		FEE979342C38DB5D00BD81C9 /* Project object */ = {
			isa = PBXProject;
			attributes = {
				BuildIndependentTargetsInParallel = 1;
				LastSwiftUpdateCheck = 1540;
				LastUpgradeCheck = 1540;
				TargetAttributes = {
					FEE9793B2C38DB5D00BD81C9 = {
						CreatedOnToolsVersion = 15.4;
					};
				};
			};
			buildConfigurationList = FEE979372C38DB5D00BD81C9 /* Build configuration list for PBXProject "TicTacToeApp" */;
			compatibilityVersion = "Xcode 14.0";
			developmentRegion = en;
			hasScannedForEncodings = 0;
			knownRegions = (
				en,
				Base,
			);
			mainGroup = FEE979332C38DB5D00BD81C9;
			productRefGroup = FEE9793D2C38DB5D00BD81C9 /* Products */;
			projectDirPath = "";
			projectRoot = "";
			targets = (
				FEE9793B2C38DB5D00BD81C9 /* TicTacToeApp */,
			);
		};
/* End PBXProject section */

/* Begin PBXResourcesBuildPhase section */
		FEE9793A2C38DB5D00BD81C9 /* Resources */ = {
			isa = PBXResourcesBuildPhase;
			buildActionMask = 2147483647;
			files = (
				FEE979472C38DB5F00BD81C9 /* Preview Assets.xcassets in Resources */,
				FEE979BC2C39E2AB00BD81C9 /* LoosingSound.mp3 in Resources */,
				FEE9795D2C39A88D00BD81C9 /* MainMenuTrack.mp3 in Resources */,
				FEE979612C39B00800BD81C9 /* WinningSound.mp3 in Resources */,
				FEE979BA2C39BB7700BD81C9 /* MoveSound.mp3 in Resources */,
				FEE979B82C39B79C00BD81C9 /* NextPage.mp3 in Resources */,
				FEE979442C38DB5F00BD81C9 /* Assets.xcassets in Resources */,
			);
			runOnlyForDeploymentPostprocessing = 0;
		};
/* End PBXResourcesBuildPhase section */

/* Begin PBXSourcesBuildPhase section */
		FEE979382C38DB5D00BD81C9 /* Sources */ = {
			isa = PBXSourcesBuildPhase;
			buildActionMask = 2147483647;
			files = (
				FE5EC5262C3B8BA4006D4539 /* GameModeSelectionView.swift in Sources */,
				FEE9794E2C38DDDD00BD81C9 /* GameLogic.swift in Sources */,
				FEE9795A2C39A78100BD81C9 /* SoundManager.swift in Sources */,
				FEE979522C38F8AA00BD81C9 /* FallingSymbolsView.swift in Sources */,
				FEE979422C38DB5D00BD81C9 /* ContentView.swift in Sources */,
				FEB215CB2C3D8B5E0038669E /* SettingsView.swift in Sources */,
				FE5EC54C2C3CFC20006D4539 /* TicTacToeAI-HardBot.mlmodel in Sources */,
				FE5EC5282C3B9280006D4539 /* TicTacToeAI-MedBot.mlmodel in Sources */,
				FEB215D12C3EEC5E0038669E /* testView.swift in Sources */,
				FEE979502C38F23400BD81C9 /* MainMenuView.swift in Sources */,
				FEB215CD2C3DD7D30038669E /* GlobalSettings.swift in Sources */,
				FEE979402C38DB5D00BD81C9 /* TicTacToeAppApp.swift in Sources */,
			);
			runOnlyForDeploymentPostprocessing = 0;
		};
/* End PBXSourcesBuildPhase section */

/* Begin XCBuildConfiguration section */
		FEE979482C38DB5F00BD81C9 /* Debug */ = {
			isa = XCBuildConfiguration;
			buildSettings = {
				ALWAYS_SEARCH_USER_PATHS = NO;
				ASSETCATALOG_COMPILER_GENERATE_SWIFT_ASSET_SYMBOL_EXTENSIONS = YES;
				CLANG_ANALYZER_NONNULL = YES;
				CLANG_ANALYZER_NUMBER_OBJECT_CONVERSION = YES_AGGRESSIVE;
				CLANG_CXX_LANGUAGE_STANDARD = "gnu++20";
				CLANG_ENABLE_MODULES = YES;
				CLANG_ENABLE_OBJC_ARC = YES;
				CLANG_ENABLE_OBJC_WEAK = YES;
				CLANG_WARN_BLOCK_CAPTURE_AUTORELEASING = YES;
				CLANG_WARN_BOOL_CONVERSION = YES;
				CLANG_WARN_COMMA = YES;
				CLANG_WARN_CONSTANT_CONVERSION = YES;
				CLANG_WARN_DEPRECATED_OBJC_IMPLEMENTATIONS = YES;
				CLANG_WARN_DIRECT_OBJC_ISA_USAGE = YES_ERROR;
				CLANG_WARN_DOCUMENTATION_COMMENTS = YES;
				CLANG_WARN_EMPTY_BODY = YES;
				CLANG_WARN_ENUM_CONVERSION = YES;
				CLANG_WARN_INFINITE_RECURSION = YES;
				CLANG_WARN_INT_CONVERSION = YES;
				CLANG_WARN_NON_LITERAL_NULL_CONVERSION = YES;
				CLANG_WARN_OBJC_IMPLICIT_RETAIN_SELF = YES;
				CLANG_WARN_OBJC_LITERAL_CONVERSION = YES;
				CLANG_WARN_OBJC_ROOT_CLASS = YES_ERROR;
				CLANG_WARN_QUOTED_INCLUDE_IN_FRAMEWORK_HEADER = YES;
				CLANG_WARN_RANGE_LOOP_ANALYSIS = YES;
				CLANG_WARN_STRICT_PROTOTYPES = YES;
				CLANG_WARN_SUSPICIOUS_MOVE = YES;
				CLANG_WARN_UNGUARDED_AVAILABILITY = YES_AGGRESSIVE;
				CLANG_WARN_UNREACHABLE_CODE = YES;
				CLANG_WARN__DUPLICATE_METHOD_MATCH = YES;
				COPY_PHASE_STRIP = NO;
				DEBUG_INFORMATION_FORMAT = dwarf;
				ENABLE_STRICT_OBJC_MSGSEND = YES;
				ENABLE_TESTABILITY = YES;
				ENABLE_USER_SCRIPT_SANDBOXING = YES;
				GCC_C_LANGUAGE_STANDARD = gnu17;
				GCC_DYNAMIC_NO_PIC = NO;
				GCC_NO_COMMON_BLOCKS = YES;
				GCC_OPTIMIZATION_LEVEL = 0;
				GCC_PREPROCESSOR_DEFINITIONS = (
					"DEBUG=1",
					"$(inherited)",
				);
				GCC_WARN_64_TO_32_BIT_CONVERSION = YES;
				GCC_WARN_ABOUT_RETURN_TYPE = YES_ERROR;
				GCC_WARN_UNDECLARED_SELECTOR = YES;
				GCC_WARN_UNINITIALIZED_AUTOS = YES_AGGRESSIVE;
				GCC_WARN_UNUSED_FUNCTION = YES;
				GCC_WARN_UNUSED_VARIABLE = YES;
				IPHONEOS_DEPLOYMENT_TARGET = 17.5;
				LOCALIZATION_PREFERS_STRING_CATALOGS = YES;
				MTL_ENABLE_DEBUG_INFO = INCLUDE_SOURCE;
				MTL_FAST_MATH = YES;
				ONLY_ACTIVE_ARCH = YES;
				SDKROOT = iphoneos;
				SWIFT_ACTIVE_COMPILATION_CONDITIONS = "DEBUG $(inherited)";
				SWIFT_OPTIMIZATION_LEVEL = "-Onone";
			};
			name = Debug;
		};
		FEE979492C38DB5F00BD81C9 /* Release */ = {
			isa = XCBuildConfiguration;
			buildSettings = {
				ALWAYS_SEARCH_USER_PATHS = NO;
				ASSETCATALOG_COMPILER_GENERATE_SWIFT_ASSET_SYMBOL_EXTENSIONS = YES;
				CLANG_ANALYZER_NONNULL = YES;
				CLANG_ANALYZER_NUMBER_OBJECT_CONVERSION = YES_AGGRESSIVE;
				CLANG_CXX_LANGUAGE_STANDARD = "gnu++20";
				CLANG_ENABLE_MODULES = YES;
				CLANG_ENABLE_OBJC_ARC = YES;
				CLANG_ENABLE_OBJC_WEAK = YES;
				CLANG_WARN_BLOCK_CAPTURE_AUTORELEASING = YES;
				CLANG_WARN_BOOL_CONVERSION = YES;
				CLANG_WARN_COMMA = YES;
				CLANG_WARN_CONSTANT_CONVERSION = YES;
				CLANG_WARN_DEPRECATED_OBJC_IMPLEMENTATIONS = YES;
				CLANG_WARN_DIRECT_OBJC_ISA_USAGE = YES_ERROR;
				CLANG_WARN_DOCUMENTATION_COMMENTS = YES;
				CLANG_WARN_EMPTY_BODY = YES;
				CLANG_WARN_ENUM_CONVERSION = YES;
				CLANG_WARN_INFINITE_RECURSION = YES;
				CLANG_WARN_INT_CONVERSION = YES;
				CLANG_WARN_NON_LITERAL_NULL_CONVERSION = YES;
				CLANG_WARN_OBJC_IMPLICIT_RETAIN_SELF = YES;
				CLANG_WARN_OBJC_LITERAL_CONVERSION = YES;
				CLANG_WARN_OBJC_ROOT_CLASS = YES_ERROR;
				CLANG_WARN_QUOTED_INCLUDE_IN_FRAMEWORK_HEADER = YES;
				CLANG_WARN_RANGE_LOOP_ANALYSIS = YES;
				CLANG_WARN_STRICT_PROTOTYPES = YES;
				CLANG_WARN_SUSPICIOUS_MOVE = YES;
				CLANG_WARN_UNGUARDED_AVAILABILITY = YES_AGGRESSIVE;
				CLANG_WARN_UNREACHABLE_CODE = YES;
				CLANG_WARN__DUPLICATE_METHOD_MATCH = YES;
				COPY_PHASE_STRIP = NO;
				DEBUG_INFORMATION_FORMAT = "dwarf-with-dsym";
				ENABLE_NS_ASSERTIONS = NO;
				ENABLE_STRICT_OBJC_MSGSEND = YES;
				ENABLE_USER_SCRIPT_SANDBOXING = YES;
				GCC_C_LANGUAGE_STANDARD = gnu17;
				GCC_NO_COMMON_BLOCKS = YES;
				GCC_WARN_64_TO_32_BIT_CONVERSION = YES;
				GCC_WARN_ABOUT_RETURN_TYPE = YES_ERROR;
				GCC_WARN_UNDECLARED_SELECTOR = YES;
				GCC_WARN_UNINITIALIZED_AUTOS = YES_AGGRESSIVE;
				GCC_WARN_UNUSED_FUNCTION = YES;
				GCC_WARN_UNUSED_VARIABLE = YES;
				IPHONEOS_DEPLOYMENT_TARGET = 17.5;
				LOCALIZATION_PREFERS_STRING_CATALOGS = YES;
				MTL_ENABLE_DEBUG_INFO = NO;
				MTL_FAST_MATH = YES;
				SDKROOT = iphoneos;
				SWIFT_COMPILATION_MODE = wholemodule;
				VALIDATE_PRODUCT = YES;
			};
			name = Release;
		};
		FEE9794B2C38DB5F00BD81C9 /* Debug */ = {
			isa = XCBuildConfiguration;
			buildSettings = {
				ASSETCATALOG_COMPILER_APPICON_NAME = AppIcon;
				ASSETCATALOG_COMPILER_GLOBAL_ACCENT_COLOR_NAME = AccentColor;
				CODE_SIGN_STYLE = Automatic;
				CURRENT_PROJECT_VERSION = 1;
				DEVELOPMENT_ASSET_PATHS = "\"TicTacToeApp/Preview Content\"";
				DEVELOPMENT_TEAM = P766MMY3WN;
				ENABLE_PREVIEWS = YES;
				GENERATE_INFOPLIST_FILE = YES;
				INFOPLIST_KEY_UIApplicationSceneManifest_Generation = YES;
				INFOPLIST_KEY_UIApplicationSupportsIndirectInputEvents = YES;
				INFOPLIST_KEY_UILaunchScreen_Generation = YES;
				INFOPLIST_KEY_UISupportedInterfaceOrientations = UIInterfaceOrientationPortrait;
				INFOPLIST_KEY_UISupportedInterfaceOrientations_iPad = "UIInterfaceOrientationLandscapeLeft UIInterfaceOrientationLandscapeRight UIInterfaceOrientationPortrait UIInterfaceOrientationPortraitUpsideDown";
				LD_RUNPATH_SEARCH_PATHS = (
					"$(inherited)",
					"@executable_path/Frameworks",
				);
				MARKETING_VERSION = 1.0;
				PRODUCT_BUNDLE_IDENTIFIER = natedoesthings.TicTacToeApp;
				PRODUCT_NAME = "$(TARGET_NAME)";
				SWIFT_EMIT_LOC_STRINGS = YES;
				SWIFT_VERSION = 5.0;
				TARGETED_DEVICE_FAMILY = "1,2";
			};
			name = Debug;
		};
		FEE9794C2C38DB5F00BD81C9 /* Release */ = {
			isa = XCBuildConfiguration;
			buildSettings = {
				ASSETCATALOG_COMPILER_APPICON_NAME = AppIcon;
				ASSETCATALOG_COMPILER_GLOBAL_ACCENT_COLOR_NAME = AccentColor;
				CODE_SIGN_STYLE = Automatic;
				CURRENT_PROJECT_VERSION = 1;
				DEVELOPMENT_ASSET_PATHS = "\"TicTacToeApp/Preview Content\"";
				DEVELOPMENT_TEAM = P766MMY3WN;
				ENABLE_PREVIEWS = YES;
				GENERATE_INFOPLIST_FILE = YES;
				INFOPLIST_KEY_UIApplicationSceneManifest_Generation = YES;
				INFOPLIST_KEY_UIApplicationSupportsIndirectInputEvents = YES;
				INFOPLIST_KEY_UILaunchScreen_Generation = YES;
				INFOPLIST_KEY_UISupportedInterfaceOrientations = UIInterfaceOrientationPortrait;
				INFOPLIST_KEY_UISupportedInterfaceOrientations_iPad = "UIInterfaceOrientationLandscapeLeft UIInterfaceOrientationLandscapeRight UIInterfaceOrientationPortrait UIInterfaceOrientationPortraitUpsideDown";
				LD_RUNPATH_SEARCH_PATHS = (
					"$(inherited)",
					"@executable_path/Frameworks",
				);
				MARKETING_VERSION = 1.0;
				PRODUCT_BUNDLE_IDENTIFIER = natedoesthings.TicTacToeApp;
				PRODUCT_NAME = "$(TARGET_NAME)";
				SWIFT_EMIT_LOC_STRINGS = YES;
				SWIFT_VERSION = 5.0;
				TARGETED_DEVICE_FAMILY = "1,2";
			};
			name = Release;
		};
/* End XCBuildConfiguration section */

/* Begin XCConfigurationList section */
		FEE979372C38DB5D00BD81C9 /* Build configuration list for PBXProject "TicTacToeApp" */ = {
			isa = XCConfigurationList;
			buildConfigurations = (
				FEE979482C38DB5F00BD81C9 /* Debug */,
				FEE979492C38DB5F00BD81C9 /* Release */,
			);
			defaultConfigurationIsVisible = 0;
			defaultConfigurationName = Release;
		};
		FEE9794A2C38DB5F00BD81C9 /* Build configuration list for PBXNativeTarget "TicTacToeApp" */ = {
			isa = XCConfigurationList;
			buildConfigurations = (
				FEE9794B2C38DB5F00BD81C9 /* Debug */,
				FEE9794C2C38DB5F00BD81C9 /* Release */,
			);
			defaultConfigurationIsVisible = 0;
			defaultConfigurationName = Release;
		};
/* End XCConfigurationList section */
	};
	rootObject = FEE979342C38DB5D00BD81C9 /* Project object */;
}
